<?xml version="1.0" encoding="utf-8"?>
<Project ToolsVersion="4.0" xmlns="http://schemas.microsoft.com/developer/msbuild/2003">
  <ItemGroup>
    <Filter Include="Source Files">
      <UniqueIdentifier>{a4e4f029-e679-4c39-aec7-5742563085b9}</UniqueIdentifier>
      <Extensions>cpp;c;cxx;rc;def;r;odl;idl;hpj;bat</Extensions>
    </Filter>
    <Filter Include="Header Files">
      <UniqueIdentifier>{45220896-232e-44eb-a7be-2032b038f840}</UniqueIdentifier>
      <Extensions>h;hpp;hxx;hm;inl</Extensions>
    </Filter>
  </ItemGroup>
  <ItemGroup>
    <ClCompile Include="libtiff\precomp.c">
      <Filter>Source Files</Filter>
    </ClCompile>
    <ClCompile Include="libtiff\tif_aux.c">
      <Filter>Source Files</Filter>
    </ClCompile>
    <ClCompile Include="libtiff\tif_close.c">
      <Filter>Source Files</Filter>
    </ClCompile>
    <ClCompile Include="libtiff\tif_codec.c">
      <Filter>Source Files</Filter>
    </ClCompile>
    <ClCompile Include="libtiff\tif_compress.c">
      <Filter>Source Files</Filter>
    </ClCompile>
    <ClCompile Include="libtiff\tif_dir.c">
      <Filter>Source Files</Filter>
    </ClCompile>
    <ClCompile Include="libtiff\tif_dirinfo.c">
      <Filter>Source Files</Filter>
    </ClCompile>
    <ClCompile Include="libtiff\tif_dirread.c">
      <Filter>Source Files</Filter>
    </ClCompile>
    <ClCompile Include="libtiff\tif_dirwrite.c">
      <Filter>Source Files</Filter>
    </ClCompile>
    <ClCompile Include="libtiff\tif_dumpmode.c">
      <Filter>Source Files</Filter>
    </ClCompile>
    <ClCompile Include="libtiff\tif_error.c">
      <Filter>Source Files</Filter>
    </ClCompile>
    <ClCompile Include="libtiff\tif_extension.c">
      <Filter>Source Files</Filter>
    </ClCompile>
    <ClCompile Include="libtiff\tif_fax3.c">
      <Filter>Source Files</Filter>
    </ClCompile>
    <ClCompile Include="libtiff\tif_fax3sm.c">
      <Filter>Source Files</Filter>
    </ClCompile>
    <ClCompile Include="libtiff\tif_flush.c">
      <Filter>Source Files</Filter>
    </ClCompile>
    <ClCompile Include="libtiff\tif_getimage.c">
      <Filter>Source Files</Filter>
    </ClCompile>
	<ClCompile Include="libtiff\tif_jbig.c">
      <Filter>Source Files</Filter>
    </ClCompile>
    <ClCompile Include="libtiff\tif_jpeg.c">
      <Filter>Source Files</Filter>
    </ClCompile>
	<ClCompile Include="libtiff\tif_jpeg_12.c">
      <Filter>Source Files</Filter>
    </ClCompile>
    <ClCompile Include="libtiff\tif_luv.c">
      <Filter>Source Files</Filter>
    </ClCompile>
	<ClCompile Include="libtiff\tif_lzma.c">
      <Filter>Source Files</Filter>
    </ClCompile>
    <ClCompile Include="libtiff\tif_lzw.c">
      <Filter>Source Files</Filter>
    </ClCompile>
    <ClCompile Include="libtiff\tif_next.c">
      <Filter>Source Files</Filter>
    </ClCompile>
    <ClCompile Include="libtiff\tif_ojpeg.c">
      <Filter>Source Files</Filter>
    </ClCompile>
    <ClCompile Include="libtiff\tif_open.c">
      <Filter>Source Files</Filter>
    </ClCompile>
    <ClCompile Include="libtiff\tif_packbits.c">
      <Filter>Source Files</Filter>
    </ClCompile>
    <ClCompile Include="libtiff\tif_pixarlog.c">
      <Filter>Source Files</Filter>
    </ClCompile>
    <ClCompile Include="libtiff\tif_predict.c">
      <Filter>Source Files</Filter>
    </ClCompile>
    <ClCompile Include="libtiff\tif_print.c">
      <Filter>Source Files</Filter>
    </ClCompile>
    <ClCompile Include="libtiff\tif_read.c">
      <Filter>Source Files</Filter>
    </ClCompile>
    <ClCompile Include="libtiff\tif_strip.c">
      <Filter>Source Files</Filter>
    </ClCompile>
    <ClCompile Include="libtiff\tif_swab.c">
      <Filter>Source Files</Filter>
    </ClCompile>
    <ClCompile Include="libtiff\tif_thunder.c">
      <Filter>Source Files</Filter>
    </ClCompile>
    <ClCompile Include="libtiff\tif_tile.c">
      <Filter>Source Files</Filter>
    </ClCompile>
    <ClCompile Include="libtiff\tif_version.c">
      <Filter>Source Files</Filter>
    </ClCompile>
    <ClCompile Include="libtiff\tif_warning.c">
      <Filter>Source Files</Filter>
    </ClCompile>
	<ClCompile Include="libtiff\tif_webp.c">
      <Filter>Source Files</Filter>
    </ClCompile>
    <ClCompile Include="libtiff\tif_win32.c">
      <Filter>Source Files</Filter>
    </ClCompile>
    <ClCompile Include="libtiff\tif_write.c">
      <Filter>Source Files</Filter>
    </ClCompile>
    <ClCompile Include="libtiff\tif_zip.c">
      <Filter>Source Files</Filter>
    </ClCompile>
	<ClCompile Include="libtiff\tif_zstd.c">
      <Filter>Source Files</Filter>
    </ClCompile>
    <ClCompile Include="libtiff\tif_color.c">
      <Filter>Source Files</Filter>
    </ClCompile>
  </ItemGroup>
  <ItemGroup>
    <ClInclude Include="libtiff\t4.h">
      <Filter>Header Files</Filter>
    </ClInclude>
    <ClInclude Include="libtiff\tif_dir.h">
      <Filter>Header Files</Filter>
    </ClInclude>
    <ClInclude Include="libtiff\tif_fax3.h">
      <Filter>Header Files</Filter>
    </ClInclude>
    <ClInclude Include="libtiff\tif_predict.h">
      <Filter>Header Files</Filter>
    </ClInclude>
    <ClInclude Include="libtiff\tiff.h">
      <Filter>Header Files</Filter>
    </ClInclude>
    <ClInclude Include="libtiff\tiffcomp.h">
      <Filter>Header Files</Filter>
    </ClInclude>
    <ClInclude Include="libtiff\tiffconf.h">
      <Filter>Header Files</Filter>
    </ClInclude>
    <ClInclude Include="libtiff\tiffio.h">
      <Filter>Header Files</Filter>
    </ClInclude>
    <ClInclude Include="libtiff\tiffiop.h">
      <Filter>Header Files</Filter>
    </ClInclude>
    <ClInclude Include="libtiff\tiffvers.h">
      <Filter>Header Files</Filter>
    </ClInclude>
    <ClInclude Include="libtiff\uvcode.h">
      <Filter>Header Files</Filter>
    </ClInclude>
  </ItemGroup>
</Project>